
Microsoft Visual Studio Solution File, Format Version 12.00
# Visual Studio Version 17
VisualStudioVersion = 17.13.35931.197 d17.13
MinimumVisualStudioVersion = 10.0.40219.1
Project("{8BC9CEB8-8B4A-11D0-8D11-00A0C91BC942}") = "二叉树遍历及二叉树高度", "二叉树遍历及二叉树高度\二叉树遍历及二叉树高度.vcxproj", "{135E5536-7FE6-4F7C-9E08-C885B7F97808}"
EndProject
Global
	GlobalSection(SolutionConfigurationPlatforms) = preSolution
		Debug|x64 = Debug|x64
		Debug|x86 = Debug|x86
		Release|x64 = Release|x64
		Release|x86 = Release|x86
	EndGlobalSection
	GlobalSection(ProjectConfigurationPlatforms) = postSolution
		{135E5536-7FE6-4F7C-9E08-C885B7F97808}.Debug|x64.ActiveCfg = Debug|x64
		{135E5536-7FE6-4F7C-9E08-C885B7F97808}.Debug|x64.Build.0 = Debug|x64
		{135E5536-7FE6-4F7C-9E08-C885B7F97808}.Debug|x86.ActiveCfg = Debug|Win32
		{135E5536-7FE6-4F7C-9E08-C885B7F97808}.Debug|x86.Build.0 = Debug|Win32
		{135E5536-7FE6-4F7C-9E08-C885B7F97808}.Release|x64.ActiveCfg = Release|x64
		{135E5536-7FE6-4F7C-9E08-C885B7F97808}.Release|x64.Build.0 = Release|x64
		{135E5536-7FE6-4F7C-9E08-C885B7F97808}.Release|x86.ActiveCfg = Release|Win32
		{135E5536-7FE6-4F7C-9E08-C885B7F97808}.Release|x86.Build.0 = Release|Win32
	EndGlobalSection
	GlobalSection(SolutionProperties) = preSolution
		HideSolutionNode = FALSE
	EndGlobalSection
	GlobalSection(ExtensibilityGlobals) = postSolution
		SolutionGuid = {60712715-4867-4BDE-9B80-C8E825B47397}
	EndGlobalSection
EndGlobal
